
Microsoft Visual Studio Solution File, Format Version 12.00
# Visual Studio Version 17
VisualStudioVersion = 17.14.36603.0 d17.14
MinimumVisualStudioVersion = 10.0.40219.1
Project("{FAE04EC0-301F-11D3-BF4B-00C04F79EFBC}") = "Project - Issac", "Project - Issac\Project - Issac.csproj", "{87BEFFB1-170D-4991-87D3-8EEB95E1CCDF}"
EndProject
Global
	GlobalSection(SolutionConfigurationPlatforms) = preSolution
		Debug|Any CPU = Debug|Any CPU
		Release|Any CPU = Release|Any CPU
	EndGlobalSection
	GlobalSection(ProjectConfigurationPlatforms) = postSolution
		{87BEFFB1-170D-4991-87D3-8EEB95E1CCDF}.Debug|Any CPU.ActiveCfg = Debug|Any CPU
		{87BEFFB1-170D-4991-87D3-8EEB95E1CCDF}.Debug|Any CPU.Build.0 = Debug|Any CPU
		{87BEFFB1-170D-4991-87D3-8EEB95E1CCDF}.Release|Any CPU.ActiveCfg = Release|Any CPU
		{87BEFFB1-170D-4991-87D3-8EEB95E1CCDF}.Release|Any CPU.Build.0 = Release|Any CPU
	EndGlobalSection
	GlobalSection(SolutionProperties) = preSolution
		HideSolutionNode = FALSE
	EndGlobalSection
	GlobalSection(ExtensibilityGlobals) = postSolution
		SolutionGuid = {C9545590-BAF0-4159-A968-F08C3D2E1B2B}
	EndGlobalSection
EndGlobal
